PODS:
  - Flutter (1.0.0)
  - torch_dart (0.0.1):
    - Flutter

DEPENDENCIES:
  - Flutter (from `Flutter`)
  - torch_dart (from `.symlinks/plugins/torch_dart/ios`)

EXTERNAL SOURCES:
  Flutter:
    :path: Flutter
  torch_dart:
    :path: ".symlinks/plugins/torch_dart/ios"

SPEC CHECKSUMS:
  Flutter: e0871f40cf51350855a761d2e70bf5af5b9b5de7
  torch_dart: f4620705d10f05492fab047f2fa1c3a600e7d17d

PODFILE CHECKSUM: 819463e6a0290f5a72f145ba7cde16e8b6ef0796

COCOAPODS: 1.16.2
